
Microsoft Visual Studio Solution File, Format Version 12.00
# Visual Studio Version 17
VisualStudioVersion = 17.9.34714.143
MinimumVisualStudioVersion = 10.0.40219.1
Project("{FAE04EC0-301F-11D3-BF4B-00C04F79EFBC}") = "ClssRM", "ClssRM\ClssRM.csproj", "{88CE44F4-E3A0-4132-99B8-C01F076E433A}"
EndProject
Project("{FAE04EC0-301F-11D3-BF4B-00C04F79EFBC}") = "CRManagementData", "CRManagementData\CRManagementData.csproj", "{A0EAE39C-D81A-4D29-9846-611EDFA66D43}"
EndProject
Project("{FAE04EC0-301F-11D3-BF4B-00C04F79EFBC}") = "CRManagementModels", "CRManagementModels\CRManagementModels.csproj", "{69FADFDC-0E5E-48B9-97AD-739D988EA360}"
EndProject
Project("{FAE04EC0-301F-11D3-BF4B-00C04F79EFBC}") = "CRManagementServices", "CRManagementServices\CRManagementServices.csproj", "{513F1E79-DBEA-45B5-A88B-61E7BDFA3FEE}"
EndProject
Project("{FAE04EC0-301F-11D3-BF4B-00C04F79EFBC}") = "CRMAPI3", "CRMAPI3\CRMAPI3.csproj", "{66CCD04C-4E0B-4149-B70D-4B4D1DBAF6E0}"
EndProject
Global
	GlobalSection(SolutionConfigurationPlatforms) = preSolution
		Debug|Any CPU = Debug|Any CPU
		Release|Any CPU = Release|Any CPU
	EndGlobalSection
	GlobalSection(ProjectConfigurationPlatforms) = postSolution
		{88CE44F4-E3A0-4132-99B8-C01F076E433A}.Debug|Any CPU.ActiveCfg = Debug|Any CPU
		{88CE44F4-E3A0-4132-99B8-C01F076E433A}.Debug|Any CPU.Build.0 = Debug|Any CPU
		{88CE44F4-E3A0-4132-99B8-C01F076E433A}.Release|Any CPU.ActiveCfg = Release|Any CPU
		{88CE44F4-E3A0-4132-99B8-C01F076E433A}.Release|Any CPU.Build.0 = Release|Any CPU
		{A0EAE39C-D81A-4D29-9846-611EDFA66D43}.Debug|Any CPU.ActiveCfg = Debug|Any CPU
		{A0EAE39C-D81A-4D29-9846-611EDFA66D43}.Debug|Any CPU.Build.0 = Debug|Any CPU
		{A0EAE39C-D81A-4D29-9846-611EDFA66D43}.Release|Any CPU.ActiveCfg = Release|Any CPU
		{A0EAE39C-D81A-4D29-9846-611EDFA66D43}.Release|Any CPU.Build.0 = Release|Any CPU
		{69FADFDC-0E5E-48B9-97AD-739D988EA360}.Debug|Any CPU.ActiveCfg = Debug|Any CPU
		{69FADFDC-0E5E-48B9-97AD-739D988EA360}.Debug|Any CPU.Build.0 = Debug|Any CPU
		{69FADFDC-0E5E-48B9-97AD-739D988EA360}.Release|Any CPU.ActiveCfg = Release|Any CPU
		{69FADFDC-0E5E-48B9-97AD-739D988EA360}.Release|Any CPU.Build.0 = Release|Any CPU
		{513F1E79-DBEA-45B5-A88B-61E7BDFA3FEE}.Debug|Any CPU.ActiveCfg = Debug|Any CPU
		{513F1E79-DBEA-45B5-A88B-61E7BDFA3FEE}.Debug|Any CPU.Build.0 = Debug|Any CPU
		{513F1E79-DBEA-45B5-A88B-61E7BDFA3FEE}.Release|Any CPU.ActiveCfg = Release|Any CPU
		{513F1E79-DBEA-45B5-A88B-61E7BDFA3FEE}.Release|Any CPU.Build.0 = Release|Any CPU
		{66CCD04C-4E0B-4149-B70D-4B4D1DBAF6E0}.Debug|Any CPU.ActiveCfg = Debug|Any CPU
		{66CCD04C-4E0B-4149-B70D-4B4D1DBAF6E0}.Debug|Any CPU.Build.0 = Debug|Any CPU
		{66CCD04C-4E0B-4149-B70D-4B4D1DBAF6E0}.Release|Any CPU.ActiveCfg = Release|Any CPU
		{66CCD04C-4E0B-4149-B70D-4B4D1DBAF6E0}.Release|Any CPU.Build.0 = Release|Any CPU
	EndGlobalSection
	GlobalSection(SolutionProperties) = preSolution
		HideSolutionNode = FALSE
	EndGlobalSection
	GlobalSection(ExtensibilityGlobals) = postSolution
		SolutionGuid = {890E16E7-A26A-4D9C-9C67-959B3B36E771}
	EndGlobalSection
EndGlobal
